Microsoft Visual Studio Solution File, Format Version 12.00
# Visual Studio Version 17
VisualStudioVersion = 17.5.002.0
MinimumVisualStudioVersion = 10.0.40219.1
Project("{9A19103F-16F7-4668-BE54-9A1E7A4F7556}") = "prometheus-test", "app\prometheus-test.csproj", "{671ADB28-A8C8-4D5A-BEF4-7F4FD12F6EED}"
EndProject
Global
	GlobalSection(SolutionConfigurationPlatforms) = preSolution
		Debug|Any CPU = Debug|Any CPU
		Release|Any CPU = Release|Any CPU
	EndGlobalSection
	GlobalSection(ProjectConfigurationPlatforms) = postSolution
		{671ADB28-A8C8-4D5A-BEF4-7F4FD12F6EED}.Debug|Any CPU.ActiveCfg = Debug|Any CPU
		{671ADB28-A8C8-4D5A-BEF4-7F4FD12F6EED}.Debug|Any CPU.Build.0 = Debug|Any CPU
		{671ADB28-A8C8-4D5A-BEF4-7F4FD12F6EED}.Release|Any CPU.ActiveCfg = Release|Any CPU
		{671ADB28-A8C8-4D5A-BEF4-7F4FD12F6EED}.Release|Any CPU.Build.0 = Release|Any CPU
	EndGlobalSection
	GlobalSection(SolutionProperties) = preSolution
		HideSolutionNode = FALSE
	EndGlobalSection
	GlobalSection(ExtensibilityGlobals) = postSolution
		SolutionGuid = {30D74771-D614-4A2E-B0BD-B7D0EC1F59F1}
	EndGlobalSection
EndGlobal
